// This lockfile was autogenerated by Pants. To regenerate, run:
//
//    pants generate-lockfiles --resolve=python-default
//
// --- BEGIN PANTS LOCKFILE METADATA: DO NOT EDIT OR REMOVE ---
// {
//   "version": 6,
//   "valid_for_interpreter_constraints": [
//     "CPython==3.11.*"
//   ],
//   "generated_with_requirements": [
//     "clickhouse-connect==0.8.11",
//     "numpy==2.1.3",
//     "pandas==2.2.3",
//     "pytest==8.3.4",
//     "scikit-learn==1.5.2"
//   ],
//   "manylinux": "manylinux2014",
//   "requirement_constraints": [],
//   "only_binary": [],
//   "no_binary": [],
//   "excludes": [],
//   "overrides": [],
//   "sources": [],
//   "lock_style": "universal",
//   "complete_platforms": []
// }
// --- END PANTS LOCKFILE METADATA ---

{
  "allow_builds": true,
  "allow_prereleases": false,
  "allow_wheels": true,
  "build_isolation": true,
  "constraints": [],
  "elide_unused_requires_dist": false,
  "excluded": [],
  "locked_resolves": [
    {
      "locked_requirements": [
        {
          "artifacts": [
            {
              "algorithm": "sha256",
              "hash": "62f22742b58a1a33014a2b6b706588a8d7e2a88ae7bd1a6ebe8c992928483775",
              "url": "https://files.pythonhosted.org/packages/0b/a7/71ac2cff56fec219ed242bb11b8efb69fcc4bec75db06fb7bfe35de520e6/certifi-2026.7.22-py3-none-any.whl"
            },
            {
              "algorithm": "sha256",
              "hash": "741e2c3b351ddf169a738da9f2c048608ff7f2c5cc02f1ebc6b118bb090d5d55",
              "url": "https://files.pythonhosted.org/packages/a3/c2/24167ea9858356b47a87a50d39908bfdb72ceeefe0041586e704e5376b3a/certifi-2026.7.22.tar.gz"
            }
          ],
          "project_name": "certifi",
          "requires_dists": [],
          "requires_python": ">=3.7",
          "version": "2026.7.22"
        },
        {
          "artifacts": [
            {
              "algorithm": "sha256",
              "hash": "53c362153f848096eb440bba0745c0f4c373d6ee0ac908aacab5a7d14d67a257",
              "url": "https://files.pythonhosted.org/packages/85/f2/762ad8f3094f8aee03871c3c238d8c4d602aba7e3fc1e0bed60f3f6c2b01/clickhouse_connect-0.8.11-cp311-cp311-musllinux_1_2_x86_64.whl"
            },
            {
              "algorithm": "sha256",
              "hash": "b46edbd3b8a38fcb2a9010665ca6eabdcffcf806e533d15cc8cc37d1355d2b63",
              "url": "https://files.pythonhosted.org/packages/09/b9/e08273c489731d85c7b0d6b4023da845ea187b9f8e45e1115993b3ae3946/clickhouse_connect-0.8.11-cp311-cp311-manylinux_2_17_x86_64.manylinux2014_x86_64.whl"
            },
            {
              "algorithm": "sha256",
              "hash": "832abf4db00117730b7682347d5d0edfa3c8eccad79f64f890f6a0c821bd417d",
              "url": "https://files.pythonhosted.org/packages/34/13/0582175866bb430dac86ad7c4af65eb659633c0db9adb1fecfc8b7db1aad/clickhouse_connect-0.8.11-cp311-cp311-macosx_11_0_arm64.whl"
            },
            {
              "algorithm": "sha256",
              "hash": "2d9b259f2af45d1092c3957e2f6c443f8dba4136ff05d96f7eb5c8f2cf59b6a4",
              "url": "https://files.pythonhosted.org/packages/3c/06/4a91d9d25d0066c941bf473e38b9f476b466c85fae32de7306700281da11/clickhouse_connect-0.8.11-cp311-cp311-manylinux_2_5_i686.manylinux1_i686.manylinux_2_17_i686.manylinux2014_i686.whl"
            },
            {
              "algorithm": "sha256",
              "hash": "1a645d07bba9bbc80868d3aa9a4abc944df3ef5841845305c5a610bdaadce183",
              "url": "https://files.pythonhosted.org/packages/4e/23/6fd1bbfb7f893bba13cef853bb32a576007678a7480d4c8272f3f98ded07/clickhouse_connect-0.8.11-cp311-cp311-musllinux_1_2_i686.whl"
            },
            {
              "algorithm": "sha256",
              "hash": "c5df47abd5524500df0f4e83aa9502fe0907664e7117ec04d2d3604a9839f15c",
              "url": "https://files.pythonhosted.org/packages/85/46/f4ce13ecad06d1f207f0c7f1e381bb66cf523d68a9f6593e145cd471c344/clickhouse_connect-0.8.11.tar.gz"
            },
            {
              "algorithm": "sha256",
              "hash": "1cdbb12cecb6c432a0db8b1f895fcdc478ad03e532b209cdfba4b334d5dcff4a",
              "url": "https://files.pythonhosted.org/packages/9e/2e/6d899332428bc200b09bcf44dac9672472af0b546157071c1ff8b8fa5954/clickhouse_connect-0.8.11-cp311-cp311-manylinux_2_17_aarch64.manylinux2014_aarch64.whl"
            },
            {
              "algorithm": "sha256",
              "hash": "51f8f374d8e58d5a1807f3842b0aa18c481b5b6d8176e33f6b07beef4ecbff2c",
              "url": "https://files.pythonhosted.org/packages/b7/3a/ab5490c4694b2a3b420676ec5c1df3acd7de0e9b61ded9851cc0ab42ce26/clickhouse_connect-0.8.11-cp311-cp311-musllinux_1_2_aarch64.whl"
            },
            {
              "algorithm": "sha256",
              "hash": "c84f03a4c9eb494e767abc3cdafd73bf4e1455820948e45e7f0bf240ff4d4e3d",
              "url": "https://files.pythonhosted.org/packages/ee/6c/0ca98fcbab5fa3b11c554707bfcf5ce80be1dcf4d114b17f62ee2573d1a5/clickhouse_connect-0.8.11-cp311-cp311-macosx_10_9_x86_64.whl"
            }
          ],
          "project_name": "clickhouse-connect",
          "requires_dists": [
            "certifi",
            "lz4",
            "numpy; extra == \"numpy\"",
            "orjson; extra == \"orjson\"",
            "pandas; extra == \"pandas\"",
            "pyarrow; extra == \"arrow\"",
            "pytz",
            "sqlalchemy<2.0,>1.3.21; extra == \"sqlalchemy\"",
            "tzlocal>=4.0; extra == \"tzlocal\"",
            "urllib3>=1.26",
            "zstandard"
          ],
          "requires_python": "~=3.8",
          "version": "0.8.11"
        },
        {
          "artifacts": [
            {
              "algorithm": "sha256",
              "hash": "f631c04d2c48c52b84d0d0549c99ff3859c98df65b3101406327ecc7d53fbf12",
              "url": "https://files.pythonhosted.org/packages/cb/b1/3846dd7f199d53cb17f49cba7e651e9ce294d8497c8c150530ed11865bb8/iniconfig-2.3.0-py3-none-any.whl"
            },
            {
              "algorithm": "sha256",
              "hash": "c76315c77db068650d49c5b56314774a7804df16fee4402c1f19d6d15d8c4730",
              "url": "https://files.pythonhosted.org/packages/72/34/14ca021ce8e5dfedc35312d08ba8bf51fdd999c576889fc2c24cb97f4f10/iniconfig-2.3.0.tar.gz"
            }
          ],
          "project_name": "iniconfig",
          "requires_dists": [],
          "requires_python": ">=3.10",
          "version": "2.3.0"
        },
        {
          "artifacts": [
            {
              "algorithm": "sha256",
              "hash": "5fc3c5039fc5ca8c0276333a188bbd59d6b7ab37fe6632daa76bc7f9ec18e713",
              "url": "https://files.pythonhosted.org/packages/7b/91/984aca2ec129e2757d1e4e3c81c3fcda9d0f85b74670a094cc443d9ee949/joblib-1.5.3-py3-none-any.whl"
            },
            {
              "algorithm": "sha256",
              "hash": "8561a3269e6801106863fd0d6d84bb737be9e7631e33aaed3fb9ce5953688da3",
              "url": "https://files.pythonhosted.org/packages/41/f2/d34e8b3a08a9cc79a50b2208a93dce981fe615b64d5a4d4abee421d898df/joblib-1.5.3.tar.gz"
            }
          ],
          "project_name": "joblib",
          "requires_dists": [],
          "requires_python": ">=3.9",
          "version": "1.5.3"
        },
        {
          "artifacts": [
            {
              "algorithm": "sha256",
              "hash": "75419bb1a559af00250b8f1360d508444e80ed4b26d9d40ec5b09fe7875cb989",
              "url": "https://files.pythonhosted.org/packages/25/3b/b55cb577aa148ed4e383e9700c36f70b651cd434e1c07568f0a86c9d5fbb/lz4-4.4.5-cp311-cp311-manylinux2014_x86_64.manylinux_2_17_x86_64.manylinux_2_28_x86_64.whl"
            },
            {
              "algorithm": "sha256",
              "hash": "33dd86cea8375d8e5dd001e41f321d0a4b1eb7985f39be1b6a4f466cd480b8a7",
              "url": "https://files.pythonhosted.org/packages/04/f4/f66da5647c0d72592081a37c8775feacc3d14d2625bbdaabd6307c274565/lz4-4.4.5-cp311-cp311-manylinux1_i686.manylinux_2_28_i686.manylinux_2_5_i686.whl"
            },
            {
              "algorithm": "sha256",
              "hash": "61d0ee03e6c616f4a8b69987d03d514e8896c8b1b7cc7598ad029e5c6aedfd43",
              "url": "https://files.pythonhosted.org/packages/34/36/5f9b772e85b3d5769367a79973b8030afad0d6b724444083bad09becd66f/lz4-4.4.5-cp311-cp311-macosx_11_0_arm64.whl"
            },
            {
              "algorithm": "sha256",
              "hash": "5f0b9e53c1e82e88c10d7c180069363980136b9d7a8306c4dca4f760d60c39f0",
              "url": "https://files.pythonhosted.org/packages/57/51/f1b86d93029f418033dddf9b9f79c8d2641e7454080478ee2aab5123173e/lz4-4.4.5.tar.gz"
            },
            {
              "algorithm": "sha256",
              "hash": "609a69c68e7cfcfa9d894dc06be13f2e00761485b62df4e2472f1b66f7b405fb",
              "url": "https://files.pythonhosted.org/packages/85/fc/5df0f17467cdda0cad464a9197a447027879197761b55faad7ca29c29a04/lz4-4.4.5-cp311-cp311-manylinux2014_aarch64.manylinux_2_17_aarch64.manylinux_2_28_aarch64.whl"
            },
            {
              "algorithm": "sha256",
              "hash": "d6da84a26b3aa5da13a62e4b89ab36a396e9327de8cd48b436a3467077f8ccd4",
              "url": "https://files.pythonhosted.org/packages/93/5b/6edcd23319d9e28b1bedf32768c3d1fd56eed8223960a2c47dacd2cec2af/lz4-4.4.5-cp311-cp311-macosx_10_9_x86_64.whl"
            }
          ],
          "project_name": "lz4",
          "requires_dists": [
            "flake8; extra == \"flake8\"",
            "psutil; extra == \"tests\"",
            "pytest!=3.3.0; extra == \"tests\"",
            "pytest-cov; extra == \"tests\"",
            "sphinx>=1.6.0; extra == \"docs\"",
            "sphinx_bootstrap_theme; extra == \"docs\""
          ],
          "requires_python": ">=3.9",
          "version": "4.4.5"
        },
        {
          "artifacts": [
            {
              "algorithm": "sha256",
              "hash": "15cb89f39fa6d0bdfb600ea24b250e5f1a3df23f901f51c8debaa6a5d122b2f0",
              "url": "https://files.pythonhosted.org/packages/7d/84/4de0b87d5a72f45556b2a8ee9fc8801e8518ec867fc68260c1f5dcb3903f/numpy-2.1.3-cp311-cp311-musllinux_1_2_aarch64.whl"
            },
            {
              "algorithm": "sha256",
              "hash": "973faafebaae4c0aaa1a1ca1ce02434554d67e628b8d805e61f874b84e136b09",
              "url": "https://files.pythonhosted.org/packages/09/ac/61d07930a4993dd9691a6432de16d93bbe6aa4b1c12a5e573d468eefc1ca/numpy-2.1.3-cp311-cp311-macosx_14_0_x86_64.whl"
            },
            {
              "algorithm": "sha256",
              "hash": "aa08e04e08aaf974d4458def539dece0d28146d866a39da5639596f4921fd761",
              "url": "https://files.pythonhosted.org/packages/25/ca/1166b75c21abd1da445b97bf1fa2f14f423c6cfb4fc7c4ef31dccf9f6a94/numpy-2.1.3.tar.gz"
            },
            {
              "algorithm": "sha256",
              "hash": "762479be47a4863e261a840e8e01608d124ee1361e48b96916f38b119cfda04a",
              "url": "https://files.pythonhosted.org/packages/27/2f/21b94664f23af2bb52030653697c685022119e0dc93d6097c3cb45bce5f9/numpy-2.1.3-cp311-cp311-manylinux_2_17_aarch64.manylinux2014_aarch64.whl"
            },
            {
              "algorithm": "sha256",
              "hash": "576a1c1d25e9e02ed7fa5477f30a127fe56debd53b8d2c89d5578f9857d03ca9",
              "url": "https://files.pythonhosted.org/packages/47/7c/864cb966b96fce5e63fcf25e1e4d957fe5725a635e5f11fe03f39dd9d6b5/numpy-2.1.3-cp311-cp311-macosx_14_0_arm64.whl"
            },
            {
              "algorithm": "sha256",
              "hash": "bc6f24b3d1ecc1eebfbf5d6051faa49af40b03be1aaa781ebdadcbc090b4539b",
              "url": "https://files.pythonhosted.org/packages/7a/f0/80811e836484262b236c684a75dfc4ba0424bc670e765afaa911468d9f39/numpy-2.1.3-cp311-cp311-manylinux_2_17_x86_64.manylinux2014_x86_64.whl"
            },
            {
              "algorithm": "sha256",
              "hash": "4d1167c53b93f1f5d8a139a742b3c6f4d429b54e74e6b57d0eff40045187b15d",
              "url": "https://files.pythonhosted.org/packages/ad/81/c8167192eba5247593cd9d305ac236847c2912ff39e11402e72ae28a4985/numpy-2.1.3-cp311-cp311-macosx_10_9_x86_64.whl"
            },
            {
              "algorithm": "sha256",
              "hash": "c80e4a09b3d95b4e1cac08643f1152fa71a0a821a2d4277334c88d54b2219a41",
              "url": "https://files.pythonhosted.org/packages/da/74/5a60003fc3d8a718d830b08b654d0eea2d2db0806bab8f3c2aca7e18e010/numpy-2.1.3-cp311-cp311-macosx_11_0_arm64.whl"
            },
            {
              "algorithm": "sha256",
              "hash": "17ee83a1f4fef3c94d16dc1802b998668b5419362c8a4f4e8a491de1b41cc3ee",
              "url": "https://files.pythonhosted.org/packages/fa/81/ce213159a1ed8eb7d88a2a6ef4fbdb9e4ffd0c76b866c350eb4e3c37e640/numpy-2.1.3-cp311-cp311-musllinux_1_1_x86_64.whl"
            }
          ],
          "project_name": "numpy",
          "requires_dists": [],
          "requires_python": ">=3.10",
          "version": "2.1.3"
        },
        {
          "artifacts": [
            {
              "algorithm": "sha256",
              "hash": "d7193f7c8e4e93f444fde0262bf90af30e16fa0ad0ad44cb553c87339b23cd1c",
              "url": "https://files.pythonhosted.org/packages/63/34/ba1c580383c9eada3711951fef0795c80b829a078d72188184bcab9dd527/packaging-26.3-py3-none-any.whl"
            },
            {
              "algorithm": "sha256",
              "hash": "94edc256424af38762eb31306eed28beb9f0efc50a8837492c9d6fd6004aed79",
              "url": "https://files.pythonhosted.org/packages/7d/fa/3944b40b07da9ce895c0e6303a5ab7d53da063554f534556b134a54d6093/packaging-26.3.tar.gz"
            }
          ],
          "project_name": "packaging",
          "requires_dists": [],
          "requires_python": ">=3.9",
          "version": "26.3"
        },
        {
          "artifacts": [
            {
              "algorithm": "sha256",
              "hash": "29401dbfa9ad77319367d36940cd8a0b3a11aba16063e39632d98b0e931ddf32",
              "url": "https://files.pythonhosted.org/packages/86/4a/03ed6b7ee323cf30404265c284cee9c65c56a212e0a08d9ee06984ba2240/pandas-2.2.3-cp311-cp311-musllinux_1_2_x86_64.whl"
            },
            {
              "algorithm": "sha256",
              "hash": "cd8d0c3be0515c12fed0bdbae072551c8b54b7192c7b1fda0ba56059a0179698",
              "url": "https://files.pythonhosted.org/packages/45/fb/c4beeb084718598ba19aa9f5abbc8aed8b42f90930da861fcb1acdb54c3a/pandas-2.2.3-cp311-cp311-manylinux2014_aarch64.manylinux_2_17_aarch64.whl"
            },
            {
              "algorithm": "sha256",
              "hash": "7c2875855b0ff77b2a64a0365e24455d9990730d6431b9e0ee18ad8acee13dbd",
              "url": "https://files.pythonhosted.org/packages/52/11/9eac327a38834f162b8250aab32a6781339c69afe7574368fffe46387edf/pandas-2.2.3-cp311-cp311-macosx_11_0_arm64.whl"
            },
            {
              "algorithm": "sha256",
              "hash": "4f18ba62b61d7e192368b84517265a99b4d7ee8912f8708660fb4a366cc82667",
              "url": "https://files.pythonhosted.org/packages/9c/d6/9f8431bacc2e19dca897724cd097b1bb224a6ad5433784a44b587c7c13af/pandas-2.2.3.tar.gz"
            },
            {
              "algorithm": "sha256",
              "hash": "66108071e1b935240e74525006034333f98bcdb87ea116de573a6a0dccb6c039",
              "url": "https://files.pythonhosted.org/packages/a8/44/d9502bf0ed197ba9bf1103c9867d5904ddcaf869e52329787fc54ed70cc8/pandas-2.2.3-cp311-cp311-macosx_10_9_x86_64.whl"
            },
            {
              "algorithm": "sha256",
              "hash": "63cc132e40a2e084cf01adf0775b15ac515ba905d7dcca47e9a251819c575ef3",
              "url": "https://files.pythonhosted.org/packages/b9/57/708135b90391995361636634df1f1130d03ba456e95bcf576fada459115a/pandas-2.2.3-cp311-cp311-musllinux_1_2_aarch64.whl"
            },
            {
              "algorithm": "sha256",
              "hash": "c124333816c3a9b03fbeef3a9f230ba9a737e9e5bb4060aa2107a86cc0a497fc",
              "url": "https://files.pythonhosted.org/packages/cd/5f/4dba1d39bb9c38d574a9a22548c540177f78ea47b32f99c0ff2ec499fac5/pandas-2.2.3-cp311-cp311-manylinux_2_17_x86_64.manylinux2014_x86_64.whl"
            }
          ],
          "project_name": "pandas",
          "requires_dists": [
            "PyQt5>=5.15.9; extra == \"all\"",
            "PyQt5>=5.15.9; extra == \"clipboard\"",
            "SQLAlchemy>=2.0.0; extra == \"all\"",
            "SQLAlchemy>=2.0.0; extra == \"mysql\"",
            "SQLAlchemy>=2.0.0; extra == \"postgresql\"",
            "SQLAlchemy>=2.0.0; extra == \"sql-other\"",
            "adbc-driver-postgresql>=0.8.0; extra == \"all\"",
            "adbc-driver-postgresql>=0.8.0; extra == \"postgresql\"",
            "adbc-driver-postgresql>=0.8.0; extra == \"sql-other\"",
            "adbc-driver-sqlite>=0.8.0; extra == \"all\"",
            "adbc-driver-sqlite>=0.8.0; extra == \"sql-other\"",
            "beautifulsoup4>=4.11.2; extra == \"all\"",
            "beautifulsoup4>=4.11.2; extra == \"html\"",
            "bottleneck>=1.3.6; extra == \"all\"",
            "bottleneck>=1.3.6; extra == \"performance\"",
            "dataframe-api-compat>=0.1.7; extra == \"all\"",
            "dataframe-api-compat>=0.1.7; extra == \"consortium-standard\"",
            "fastparquet>=2022.12.0; extra == \"all\"",
            "fsspec>=2022.11.0; extra == \"all\"",
            "fsspec>=2022.11.0; extra == \"fss\"",
            "gcsfs>=2022.11.0; extra == \"all\"",
            "gcsfs>=2022.11.0; extra == \"gcp\"",
            "html5lib>=1.1; extra == \"all\"",
            "html5lib>=1.1; extra == \"html\"",
            "hypothesis>=6.46.1; extra == \"all\"",
            "hypothesis>=6.46.1; extra == \"test\"",
            "jinja2>=3.1.2; extra == \"all\"",
            "jinja2>=3.1.2; extra == \"output-formatting\"",
            "lxml>=4.9.2; extra == \"all\"",
            "lxml>=4.9.2; extra == \"html\"",
            "lxml>=4.9.2; extra == \"xml\"",
            "matplotlib>=3.6.3; extra == \"all\"",
            "matplotlib>=3.6.3; extra == \"plot\"",
            "numba>=0.56.4; extra == \"all\"",
            "numba>=0.56.4; extra == \"performance\"",
            "numexpr>=2.8.4; extra == \"all\"",
            "numexpr>=2.8.4; extra == \"performance\"",
            "numpy>=1.22.4; python_version < \"3.11\"",
            "numpy>=1.23.2; python_version == \"3.11\"",
            "numpy>=1.26.0; python_version >= \"3.12\"",
            "odfpy>=1.4.1; extra == \"all\"",
            "odfpy>=1.4.1; extra == \"excel\"",
            "openpyxl>=3.1.0; extra == \"all\"",
            "openpyxl>=3.1.0; extra == \"excel\"",
            "pandas-gbq>=0.19.0; extra == \"all\"",
            "pandas-gbq>=0.19.0; extra == \"gcp\"",
            "psycopg2>=2.9.6; extra == \"all\"",
            "psycopg2>=2.9.6; extra == \"postgresql\"",
            "pyarrow>=10.0.1; extra == \"all\"",
            "pyarrow>=10.0.1; extra == \"feather\"",
            "pyarrow>=10.0.1; extra == \"parquet\"",
            "pyarrow>=10.0.1; extra == \"pyarrow\"",
            "pymysql>=1.0.2; extra == \"all\"",
            "pymysql>=1.0.2; extra == \"mysql\"",
            "pyreadstat>=1.2.0; extra == \"all\"",
            "pyreadstat>=1.2.0; extra == \"spss\"",
            "pytest-xdist>=2.2.0; extra == \"all\"",
            "pytest-xdist>=2.2.0; extra == \"test\"",
            "pytest>=7.3.2; extra == \"all\"",
            "pytest>=7.3.2; extra == \"test\"",
            "python-calamine>=0.1.7; extra == \"all\"",
            "python-calamine>=0.1.7; extra == \"excel\"",
            "python-dateutil>=2.8.2",
            "pytz>=2020.1",
            "pyxlsb>=1.0.10; extra == \"all\"",
            "pyxlsb>=1.0.10; extra == \"excel\"",
            "qtpy>=2.3.0; extra == \"all\"",
            "qtpy>=2.3.0; extra == \"clipboard\"",
            "s3fs>=2022.11.0; extra == \"all\"",
            "s3fs>=2022.11.0; extra == \"aws\"",
            "scipy>=1.10.0; extra == \"all\"",
            "scipy>=1.10.0; extra == \"computation\"",
            "tables>=3.8.0; extra == \"all\"",
            "tables>=3.8.0; extra == \"hdf5\"",
            "tabulate>=0.9.0; extra == \"all\"",
            "tabulate>=0.9.0; extra == \"output-formatting\"",
            "tzdata>=2022.7",
            "xarray>=2022.12.0; extra == \"all\"",
            "xarray>=2022.12.0; extra == \"computation\"",
            "xlrd>=2.0.1; extra == \"all\"",
            "xlrd>=2.0.1; extra == \"excel\"",
            "xlsxwriter>=3.0.5; extra == \"all\"",
            "xlsxwriter>=3.0.5; extra == \"excel\"",
            "zstandard>=0.19.0; extra == \"all\"",
            "zstandard>=0.19.0; extra == \"compression\""
          ],
          "requires_python": ">=3.9",
          "version": "2.2.3"
        },
        {
          "artifacts": [
            {
              "algorithm": "sha256",
              "hash": "e920276dd6813095e9377c0bc5566d94c932c33b27a3e3945d8389c374dd4746",
              "url": "https://files.pythonhosted.org/packages/54/20/4d324d65cc6d9205fabedc306948156824eb9f0ee1633355a8f7ec5c66bf/pluggy-1.6.0-py3-none-any.whl"
            },
            {
              "algorithm": "sha256",
              "hash": "7dcc130b76258d33b90f61b658791dede3486c3e6bfb003ee5c9bfb396dd22f3",
              "url": "https://files.pythonhosted.org/packages/f9/e2/3e91f31a7d2b083fe6ef3fa267035b518369d9511ffab804f839851d2779/pluggy-1.6.0.tar.gz"
            }
          ],
          "project_name": "pluggy",
          "requires_dists": [
            "coverage; extra == \"testing\"",
            "pre-commit; extra == \"dev\"",
            "pytest-benchmark; extra == \"testing\"",
            "pytest; extra == \"testing\"",
            "tox; extra == \"dev\""
          ],
          "requires_python": ">=3.9",
          "version": "1.6.0"
        },
        {
          "artifacts": [
            {
              "algorithm": "sha256",
              "hash": "50e16d954148559c9a74109af1eaf0c945ba2d8f30f0a3d3335edde19788b6f6",
              "url": "https://files.pythonhosted.org/packages/11/92/76a1c94d3afee238333bc0a42b82935dd8f9cf8ce9e336ff87ee14d9e1cf/pytest-8.3.4-py3-none-any.whl"
            },
            {
              "algorithm": "sha256",
              "hash": "965370d062bce11e73868e0335abac31b4d3de0e82f4007408d242b4f8610761",
              "url": "https://files.pythonhosted.org/packages/05/35/30e0d83068951d90a01852cb1cef56e5d8a09d20c7f511634cc2f7e0372a/pytest-8.3.4.tar.gz"
            }
          ],
          "project_name": "pytest",
          "requires_dists": [
            "argcomplete; extra == \"dev\"",
            "attrs>=19.2; extra == \"dev\"",
            "colorama; sys_platform == \"win32\"",
            "exceptiongroup>=1.0.0rc8; python_version < \"3.11\"",
            "hypothesis>=3.56; extra == \"dev\"",
            "iniconfig",
            "mock; extra == \"dev\"",
            "packaging",
            "pluggy<2,>=1.5",
            "pygments>=2.7.2; extra == \"dev\"",
            "requests; extra == \"dev\"",
            "setuptools; extra == \"dev\"",
            "tomli>=1; python_version < \"3.11\"",
            "xmlschema; extra == \"dev\""
          ],
          "requires_python": ">=3.8",
          "version": "8.3.4"
        },
        {
          "artifacts": [
            {
              "algorithm": "sha256",
              "hash": "a8b2bc7bffae282281c8140a97d3aa9c14da0b136dfe83f850eea9a5f7470427",
              "url": "https://files.pythonhosted.org/packages/ec/57/56b9bcc3c9c6a792fcbaf139543cee77261f3651ca9da0c93f5c1221264b/python_dateutil-2.9.0.post0-py2.py3-none-any.whl"
            },
            {
              "algorithm": "sha256",
              "hash": "37dd54208da7e1cd875388217d5e00ebd4179249f90fb72437e91a35459a0ad3",
              "url": "https://files.pythonhosted.org/packages/66/c0/0c8b6ad9f17a802ee498c46e004a0eb49bc148f2fd230864601a86dcf6db/python-dateutil-2.9.0.post0.tar.gz"
            }
          ],
          "project_name": "python-dateutil",
          "requires_dists": [
            "six>=1.5"
          ],
          "requires_python": "!=3.0.*,!=3.1.*,!=3.2.*,>=2.7",
          "version": "2.9.0.post0"
        },
        {
          "artifacts": [
            {
              "algorithm": "sha256",
              "hash": "dd95840dd199baea12d9cc096a1d452caa6596a1c1e4b5f3dbd1541855d5e815",
              "url": "https://files.pythonhosted.org/packages/0f/7b/39c34ca613b0b198cb866466651b26b045e2009864c5183c979a3b83f383/pytz-2026.3.post1-py2.py3-none-any.whl"
            },
            {
              "algorithm": "sha256",
              "hash": "2211d3fcf9a797d3405cac96ac7f61d80e6a644f72a3309607282fe8a2010c5d",
              "url": "https://files.pythonhosted.org/packages/fb/48/fb042503b6ca6cd271261dc559fd6432f7d8c713153e9ec5c591af4dfc1c/pytz-2026.3.post1.tar.gz"
            }
          ],
          "project_name": "pytz",
          "requires_dists": [],
          "requires_python": null,
          "version": "2026.3.post1"
        },
        {
          "artifacts": [
            {
              "algorithm": "sha256",
              "hash": "f8b0ccd4a902836493e026c03256e8b206656f91fbcc4fde28c57a5b752561f1",
              "url": "https://files.pythonhosted.org/packages/49/21/3723de321531c9745e40f1badafd821e029d346155b6c79704e0b7197552/scikit_learn-1.5.2-cp311-cp311-manylinux_2_17_x86_64.manylinux2014_x86_64.whl"
            },
            {
              "algorithm": "sha256",
              "hash": "b4237ed7b3fdd0a4882792e68ef2545d5baa50aca3bb45aa7df468138ad8f94d",
              "url": "https://files.pythonhosted.org/packages/37/59/44985a2bdc95c74e34fef3d10cb5d93ce13b0e2a7baefffe1b53853b502d/scikit_learn-1.5.2.tar.gz"
            },
            {
              "algorithm": "sha256",
              "hash": "f763897fe92d0e903aa4847b0aec0e68cadfff77e8a0687cabd946c89d17e675",
              "url": "https://files.pythonhosted.org/packages/4c/75/62e49f8a62bf3c60b0e64d0fce540578ee4f0e752765beb2e1dc7c6d6098/scikit_learn-1.5.2-cp311-cp311-manylinux_2_17_aarch64.manylinux2014_aarch64.whl"
            },
            {
              "algorithm": "sha256",
              "hash": "1ff45e26928d3b4eb767a8f14a9a6efbf1cbff7c05d1fb0f95f211a89fd4f5de",
              "url": "https://files.pythonhosted.org/packages/cd/7a/19fe32c810c5ceddafcfda16276d98df299c8649e24e84d4f00df4a91e01/scikit_learn-1.5.2-cp311-cp311-macosx_12_0_arm64.whl"
            },
            {
              "algorithm": "sha256",
              "hash": "03b6158efa3faaf1feea3faa884c840ebd61b6484167c711548fce208ea09445",
              "url": "https://files.pythonhosted.org/packages/ff/91/609961972f694cb9520c4c3d201e377a26583e1eb83bc5a334c893729214/scikit_learn-1.5.2-cp311-cp311-macosx_10_9_x86_64.whl"
            }
          ],
          "project_name": "scikit-learn",
          "requires_dists": [
            "Pillow>=7.1.2; extra == \"docs\"",
            "black>=24.3.0; extra == \"tests\"",
            "conda-lock==2.5.6; extra == \"maintenance\"",
            "cython>=3.0.10; extra == \"build\"",
            "joblib>=1.2.0",
            "joblib>=1.2.0; extra == \"install\"",
            "matplotlib>=3.3.4; extra == \"benchmark\"",
            "matplotlib>=3.3.4; extra == \"docs\"",
            "matplotlib>=3.3.4; extra == \"examples\"",
            "matplotlib>=3.3.4; extra == \"tests\"",
            "memory_profiler>=0.57.0; extra == \"benchmark\"",
            "memory_profiler>=0.57.0; extra == \"docs\"",
            "meson-python>=0.16.0; extra == \"build\"",
            "mypy>=1.9; extra == \"tests\"",
            "numpy>=1.19.5",
            "numpy>=1.19.5; extra == \"build\"",
            "numpy>=1.19.5; extra == \"install\"",
            "numpydoc>=1.2.0; extra == \"docs\"",
            "numpydoc>=1.2.0; extra == \"tests\"",
            "pandas>=1.1.5; extra == \"benchmark\"",
            "pandas>=1.1.5; extra == \"docs\"",
            "pandas>=1.1.5; extra == \"examples\"",
            "pandas>=1.1.5; extra == \"tests\"",
            "plotly>=5.14.0; extra == \"docs\"",
            "plotly>=5.14.0; extra == \"examples\"",
            "polars>=0.20.30; extra == \"docs\"",
            "polars>=0.20.30; extra == \"tests\"",
            "pooch>=1.6.0; extra == \"docs\"",
            "pooch>=1.6.0; extra == \"examples\"",
            "pooch>=1.6.0; extra == \"tests\"",
            "pyamg>=4.0.0; extra == \"tests\"",
            "pyarrow>=12.0.0; extra == \"tests\"",
            "pydata-sphinx-theme>=0.15.3; extra == \"docs\"",
            "pytest-cov>=2.9.0; extra == \"tests\"",
            "pytest>=7.1.2; extra == \"tests\"",
            "ruff>=0.2.1; extra == \"tests\"",
            "scikit-image>=0.17.2; extra == \"docs\"",
            "scikit-image>=0.17.2; extra == \"examples\"",
            "scikit-image>=0.17.2; extra == \"tests\"",
            "scipy>=1.6.0",
            "scipy>=1.6.0; extra == \"build\"",
            "scipy>=1.6.0; extra == \"install\"",
            "seaborn>=0.9.0; extra == \"docs\"",
            "seaborn>=0.9.0; extra == \"examples\"",
            "sphinx-copybutton>=0.5.2; extra == \"docs\"",
            "sphinx-design>=0.5.0; extra == \"docs\"",
            "sphinx-design>=0.6.0; extra == \"docs\"",
            "sphinx-gallery>=0.16.0; extra == \"docs\"",
            "sphinx-prompt>=1.4.0; extra == \"docs\"",
            "sphinx-remove-toctrees>=1.0.0.post1; extra == \"docs\"",
            "sphinx>=7.3.7; extra == \"docs\"",
            "sphinxcontrib-sass>=0.3.4; extra == \"docs\"",
            "sphinxext-opengraph>=0.9.1; extra == \"docs\"",
            "threadpoolctl>=3.1.0",
            "threadpoolctl>=3.1.0; extra == \"install\""
          ],
          "requires_python": ">=3.9",
          "version": "1.5.2"
        },
        {
          "artifacts": [
            {
              "algorithm": "sha256",
              "hash": "4eb6c25dd62ee8d5edf68a8e1c171dd71c292fdae95d8aeb3dd7d7de4c364082",
              "url": "https://files.pythonhosted.org/packages/e8/19/f926cb11c42b15ba08e3a71e376d816ac08614f769b4f47e06c3580c836a/scipy-1.17.1-cp311-cp311-musllinux_1_2_x86_64.whl"
            },
            {
              "algorithm": "sha256",
              "hash": "43af8d1f3bea642559019edfe64e9b11192a8978efbd1539d7bc2aaa23d92de4",
              "url": "https://files.pythonhosted.org/packages/09/7d/af933f0f6e0767995b4e2d705a0665e454d1c19402aa7e895de3951ebb04/scipy-1.17.1-cp311-cp311-manylinux_2_27_x86_64.manylinux_2_28_x86_64.whl"
            },
            {
              "algorithm": "sha256",
              "hash": "744b2bf3640d907b79f3fd7874efe432d1cf171ee721243e350f55234b4cec4c",
              "url": "https://files.pythonhosted.org/packages/4d/60/8804678875fc59362b0fb759ab3ecce1f09c10a735680318ac30da8cd76b/scipy-1.17.1-cp311-cp311-manylinux_2_27_aarch64.manylinux_2_28_aarch64.whl"
            },
            {
              "algorithm": "sha256",
              "hash": "a3472cfbca0a54177d0faa68f697d8ba4c80bbdc19908c3465556d9f7efce9ee",
              "url": "https://files.pythonhosted.org/packages/6d/ee/18146b7757ed4976276b9c9819108adbc73c5aad636e5353e20746b73069/scipy-1.17.1-cp311-cp311-macosx_14_0_arm64.whl"
            },
            {
              "algorithm": "sha256",
              "hash": "95d8e012d8cb8816c226aef832200b1d45109ed4464303e997c5b13122b297c0",
              "url": "https://files.pythonhosted.org/packages/7a/97/5a3609c4f8d58b039179648e62dd220f89864f56f7357f5d4f45c29eb2cc/scipy-1.17.1.tar.gz"
            },
            {
              "algorithm": "sha256",
              "hash": "cd96a1898c0a47be4520327e01f874acfd61fb48a9420f8aa9f6483412ffa444",
              "url": "https://files.pythonhosted.org/packages/b4/3d/7ccbbdcbb54c8fdc20d3b6930137c782a163fa626f0aef920349873421ba/scipy-1.17.1-cp311-cp311-musllinux_1_2_aarch64.whl"
            },
            {
              "algorithm": "sha256",
              "hash": "1f95b894f13729334fb990162e911c9e5dc1ab390c58aa6cbecb389c5b5e28ec",
              "url": "https://files.pythonhosted.org/packages/df/75/b4ce781849931fef6fd529afa6b63711d5a733065722d0c3e2724af9e40a/scipy-1.17.1-cp311-cp311-macosx_10_14_x86_64.whl"
            },
            {
              "algorithm": "sha256",
              "hash": "766e0dc5a616d026a3a1cffa379af959671729083882f50307e18175797b3dfd",
              "url": "https://files.pythonhosted.org/packages/ec/e6/cef1cf3557f0c54954198554a10016b6a03b2ec9e22a4e1df734936bd99c/scipy-1.17.1-cp311-cp311-macosx_14_0_x86_64.whl"
            },
            {
              "algorithm": "sha256",
              "hash": "e18f12c6b0bc5a592ed23d3f7b891f68fd7f8241d69b7883769eb5d5dfb52696",
              "url": "https://files.pythonhosted.org/packages/f7/58/bccc2861b305abdd1b8663d6130c0b3d7cc22e8d86663edbc8401bfd40d4/scipy-1.17.1-cp311-cp311-macosx_12_0_arm64.whl"
            }
          ],
          "project_name": "scipy",
          "requires_dists": [
            "Cython; extra == \"test\"",
            "array-api-strict>=2.3.1; extra == \"test\"",
            "asv; extra == \"test\"",
            "click<8.3.0; extra == \"dev\"",
            "cython-lint>=0.12.2; extra == \"dev\"",
            "gmpy2; extra == \"test\"",
            "hypothesis>=6.30; extra == \"test\"",
            "intersphinx_registry; extra == \"doc\"",
            "jupyterlite-pyodide-kernel; extra == \"doc\"",
            "jupyterlite-sphinx>=0.19.1; extra == \"doc\"",
            "jupytext; extra == \"doc\"",
            "linkify-it-py; extra == \"doc\"",
            "matplotlib>=3.5; extra == \"doc\"",
            "meson; extra == \"test\"",
            "mpmath; extra == \"test\"",
            "mypy==1.10.0; extra == \"dev\"",
            "myst-nb>=1.2.0; extra == \"doc\"",
            "ninja; sys_platform != \"emscripten\" and extra == \"test\"",
            "numpy<2.7,>=1.26.4",
            "numpydoc; extra == \"doc\"",
            "pooch; extra == \"doc\"",
            "pooch; extra == \"test\"",
            "pycodestyle; extra == \"dev\"",
            "pydata-sphinx-theme>=0.15.2; extra == \"doc\"",
            "pytest-cov; extra == \"test\"",
            "pytest-timeout; extra == \"test\"",
            "pytest-xdist; extra == \"test\"",
            "pytest>=8.0.0; extra == \"test\"",
            "ruff>=0.12.0; extra == \"dev\"",
            "scikit-umfpack; extra == \"test\"",
            "sphinx-copybutton; extra == \"doc\"",
            "sphinx-design>=0.4.0; extra == \"doc\"",
            "sphinx<8.2.0,>=5.0.0; extra == \"doc\"",
            "spin; extra == \"dev\"",
            "tabulate; extra == \"doc\"",
            "threadpoolctl; extra == \"test\"",
            "types-psutil; extra == \"dev\"",
            "typing_extensions; extra == \"dev\""
          ],
          "requires_python": ">=3.11",
          "version": "1.17.1"
        },
        {
          "artifacts": [
            {
              "algorithm": "sha256",
              "hash": "4721f391ed90541fddacab5acf947aa0d3dc7d27b2e1e8eda2be8970586c3274",
              "url": "https://files.pythonhosted.org/packages/b7/ce/149a00dd41f10bc29e5921b496af8b574d8413afcd5e30dfa0ed46c2cc5e/six-1.17.0-py2.py3-none-any.whl"
            },
            {
              "algorithm": "sha256",
              "hash": "ff70335d468e7eb6ec65b95b99d3a2836546063f63acc5171de367e834932a81",
              "url": "https://files.pythonhosted.org/packages/94/e7/b2c673351809dca68a0e064b6af791aa332cf192da575fd474ed7d6f16a2/six-1.17.0.tar.gz"
            }
          ],
          "project_name": "six",
          "requires_dists": [],
          "requires_python": "!=3.0.*,!=3.1.*,!=3.2.*,>=2.7",
          "version": "1.17.0"
        },
        {
          "artifacts": [
            {
              "algorithm": "sha256",
              "hash": "43a0b8fd5a2928500110039e43a5eed8480b918967083ea48dc3ab9f13c4a7fb",
              "url": "https://files.pythonhosted.org/packages/32/d5/f9a850d79b0851d1d4ef6456097579a9005b31fea68726a4ae5f2d82ddd9/threadpoolctl-3.6.0-py3-none-any.whl"
            },
            {
              "algorithm": "sha256",
              "hash": "8ab8b4aa3491d812b623328249fab5302a68d2d71745c8a4c719a2fcaba9f44e",
              "url": "https://files.pythonhosted.org/packages/b7/4d/08c89e34946fce2aec4fbb45c9016efd5f4d7f24af8e5d93296e935631d8/threadpoolctl-3.6.0.tar.gz"
            }
          ],
          "project_name": "threadpoolctl",
          "requires_dists": [],
          "requires_python": ">=3.9",
          "version": "3.6.0"
        },
        {
          "artifacts": [
            {
              "algorithm": "sha256",
              "hash": "dc096730c87af6cab1b171c9d532be840741ff5d459015e7f6947bd7d7e54931",
              "url": "https://files.pythonhosted.org/packages/e5/6d/b53b99a9f2766d095985947a5782f1702cabb129a34f7a802d7197af832f/tzdata-2026.3-py2.py3-none-any.whl"
            },
            {
              "algorithm": "sha256",
              "hash": "4a1518b8993086a7982523e071643f3c0e5f213e75b21318e78bcabfff9d1415",
              "url": "https://files.pythonhosted.org/packages/92/ff/5a28bdfd8c3ebec42564ac7d0e54ca3db65044a9314a97f9564fa7a1e926/tzdata-2026.3.tar.gz"
            }
          ],
          "project_name": "tzdata",
          "requires_dists": [],
          "requires_python": ">=2",
          "version": "2026.3"
        },
        {
          "artifacts": [
            {
              "algorithm": "sha256",
              "hash": "9fb4c81ebbb1ce9531cce37674bbc6f1360472bc18ca9a553ede278ef7276897",
              "url": "https://files.pythonhosted.org/packages/7f/3e/5db95bcf282c52709639744ca2a8b149baccf648e39c8cc87553df9eae0c/urllib3-2.7.0-py3-none-any.whl"
            },
            {
              "algorithm": "sha256",
              "hash": "231e0ec3b63ceb14667c67be60f2f2c40a518cb38b03af60abc813da26505f4c",
              "url": "https://files.pythonhosted.org/packages/53/0c/06f8b233b8fd13b9e5ee11424ef85419ba0d8ba0b3138bf360be2ff56953/urllib3-2.7.0.tar.gz"
            }
          ],
          "project_name": "urllib3",
          "requires_dists": [
            "backports-zstd>=1.0.0; python_version < \"3.14\" and extra == \"zstd\"",
            "brotli>=1.2.0; platform_python_implementation == \"CPython\" and extra == \"brotli\"",
            "brotlicffi>=1.2.0.0; platform_python_implementation != \"CPython\" and extra == \"brotli\"",
            "h2<5,>=4; extra == \"h2\"",
            "pysocks!=1.5.7,<2.0,>=1.5.6; extra == \"socks\""
          ],
          "requires_python": ">=3.10",
          "version": "2.7.0"
        },
        {
          "artifacts": [
            {
              "algorithm": "sha256",
              "hash": "72d35d7aa0bba323965da807a462b0966c91608ef3a48ba761678cb20ce5d8b7",
              "url": "https://files.pythonhosted.org/packages/e2/be/94267dc6ee64f0f8ba2b2ae7c7a2df934a816baaa7291db9e1aa77394c3c/zstandard-0.25.0-cp311-cp311-musllinux_1_2_x86_64.whl"
            },
            {
              "algorithm": "sha256",
              "hash": "06acb75eebeedb77b69048031282737717a63e71e4ae3f77cc0c3b9508320df6",
              "url": "https://files.pythonhosted.org/packages/0f/67/354d1555575bc2490435f90d67ca4dd65238ff2f119f30f72d5cde09c2ad/zstandard-0.25.0-cp311-cp311-manylinux2014_s390x.manylinux_2_17_s390x.whl"
            },
            {
              "algorithm": "sha256",
              "hash": "0bbc9a0c65ce0eea3c34a691e3c4b6889f5f3909ba4822ab385fab9057099431",
              "url": "https://files.pythonhosted.org/packages/12/56/354fe655905f290d3b147b33fe946b0f27e791e4b50a5f004c802cb3eb7b/zstandard-0.25.0-cp311-cp311-manylinux2010_i686.manylinux2014_i686.manylinux_2_12_i686.manylinux_2_17_i686.whl"
            },
            {
              "algorithm": "sha256",
              "hash": "6c0e5a65158a7946e7a7affa6418878ef97ab66636f13353b8502d7ea03c8097",
              "url": "https://files.pythonhosted.org/packages/12/9b/3fb626390113f272abd0799fd677ea33d5fc3ec185e62e6be534493c4b60/zstandard-0.25.0-cp311-cp311-musllinux_1_2_aarch64.whl"
            },
            {
              "algorithm": "sha256",
              "hash": "bfd06b1c5584b657a2892a6014c2f4c20e0db0208c159148fa78c65f7e0b0277",
              "url": "https://files.pythonhosted.org/packages/21/88/5ba550f797ca953a52d708c8e4f380959e7e3280af029e38fbf47b55916e/zstandard-0.25.0-cp311-cp311-musllinux_1_1_aarch64.whl"
            },
            {
              "algorithm": "sha256",
              "hash": "22a086cff1b6ceca18a8dd6096ec631e430e93a8e70a9ca5efa7561a00f826fa",
              "url": "https://files.pythonhosted.org/packages/27/22/503347aa08d073993f25109c36c8d9f029c7d5949198050962cb568dfa5e/zstandard-0.25.0-cp311-cp311-musllinux_1_2_s390x.whl"
            },
            {
              "algorithm": "sha256",
              "hash": "933b65d7680ea337180733cf9e87293cc5500cc0eb3fc8769f4d3c88d724ec5c",
              "url": "https://files.pythonhosted.org/packages/2a/83/c3ca27c363d104980f1c9cee1101cc8ba724ac8c28a033ede6aab89585b1/zstandard-0.25.0-cp311-cp311-macosx_10_9_x86_64.whl"
            },
            {
              "algorithm": "sha256",
              "hash": "01582723b3ccd6939ab7b3a78622c573799d5d8737b534b86d0e06ac18dbde4a",
              "url": "https://files.pythonhosted.org/packages/3b/13/2b7ed68bd85e69a2069bcc72141d378f22cae5a0f3b353a2c8f50ef30c1b/zstandard-0.25.0-cp311-cp311-manylinux2014_aarch64.manylinux_2_17_aarch64.whl"
            },
            {
              "algorithm": "sha256",
              "hash": "f373da2c1757bb7f1acaf09369cdc1d51d84131e50d5fa9863982fd626466313",
              "url": "https://files.pythonhosted.org/packages/46/c0/ca3e533b4fa03112facbe7fbe7779cb1ebec215688e5df576fe5429172e0/zstandard-0.25.0-cp311-cp311-musllinux_1_1_x86_64.whl"
            },
            {
              "algorithm": "sha256",
              "hash": "98750a309eb2f020da61e727de7d7ba3c57c97cf6213f6f6277bb7fb42a8e065",
              "url": "https://files.pythonhosted.org/packages/8c/a7/bb5a0c1c0f3f4b5e9d5b55198e39de91e04ba7c205cc46fcb0f95f0383c1/zstandard-0.25.0-cp311-cp311-musllinux_1_2_ppc64le.whl"
            },
            {
              "algorithm": "sha256",
              "hash": "a3f79487c687b1fc69f19e487cd949bf3aae653d181dfb5fde3bf6d18894706f",
              "url": "https://files.pythonhosted.org/packages/ac/4d/e66465c5411a7cf4866aeadc7d108081d8ceba9bc7abe6b14aa21c671ec3/zstandard-0.25.0-cp311-cp311-macosx_11_0_arm64.whl"
            },
            {
              "algorithm": "sha256",
              "hash": "9300d02ea7c6506f00e627e287e0492a5eb0371ec1670ae852fefffa6164b072",
              "url": "https://files.pythonhosted.org/packages/bb/1f/e9cfd801a3f9190bf3e759c422bbfd2247db9d7f3d54a56ecde70137791a/zstandard-0.25.0-cp311-cp311-manylinux2014_x86_64.manylinux_2_17_x86_64.whl"
            },
            {
              "algorithm": "sha256",
              "hash": "5f1ad7bf88535edcf30038f6919abe087f606f62c00a87d7e33e7fc57cb69fcc",
              "url": "https://files.pythonhosted.org/packages/c9/dd/fdaf0674f4b10d92cb120ccff58bbb6626bf8368f00ebfd2a41ba4a0dc99/zstandard-0.25.0-cp311-cp311-manylinux2014_ppc64le.manylinux_2_17_ppc64le.whl"
            },
            {
              "algorithm": "sha256",
              "hash": "c8e167d5adf59476fa3e37bee730890e389410c354771a62e3c076c86f9f7778",
              "url": "https://files.pythonhosted.org/packages/cb/d3/23094a6b6a4b1343b27ae68249daa17ae0651fcfec9ed4de09d14b940285/zstandard-0.25.0-cp311-cp311-musllinux_1_2_i686.whl"
            },
            {
              "algorithm": "sha256",
              "hash": "7713e1179d162cf5c7906da876ec2ccb9c3a9dcbdffef0cc7f70c3667a205f0b",
              "url": "https://files.pythonhosted.org/packages/fd/aa/3e0508d5a5dd96529cdc5a97011299056e14c6505b678fd58938792794b1/zstandard-0.25.0.tar.gz"
            }
          ],
          "project_name": "zstandard",
          "requires_dists": [
            "cffi>=2.0.0b; (platform_python_implementation != \"PyPy\" and python_version >= \"3.14\") and extra == \"cffi\"",
            "cffi~=1.17; (platform_python_implementation != \"PyPy\" and python_version < \"3.14\") and extra == \"cffi\""
          ],
          "requires_python": ">=3.9",
          "version": "0.25.0"
        }
      ],
      "marker": null,
      "platform_tag": null
    }
  ],
  "only_builds": [],
  "only_wheels": [],
  "overridden": [],
  "path_mappings": {},
  "pex_version": "2.81.0",
  "pip_version": "24.2",
  "prefer_older_binary": false,
  "requirements": [
    "clickhouse-connect==0.8.11",
    "numpy==2.1.3",
    "pandas==2.2.3",
    "pytest==8.3.4",
    "scikit-learn==1.5.2"
  ],
  "requires_python": [
    "CPython==3.11.*"
  ],
  "resolver_version": "pip-2020-resolver",
  "style": "universal",
  "target_systems": [
    "linux",
    "mac"
  ],
  "transitive": true,
  "use_pep517": null,
  "use_system_time": false
}
